
Microsoft Visual Studio Solution File, Format Version 12.00
# Visual Studio Version 17
VisualStudioVersion = 17.9.34616.47
MinimumVisualStudioVersion = 10.0.40219.1
Project("{9A19103F-16F7-4668-BE54-9A1E7A4F7556}") = "FMApiProject", "FMApiProject\FMApiProject.csproj", "{093494B7-8002-4EE0-8891-642832476FDC}"
EndProject
Project("{9A19103F-16F7-4668-BE54-9A1E7A4F7556}") = "FMData", "ClassLibrary1\FMData.csproj", "{E33D5FD6-B31B-425A-8C04-BF4FFA5CB7F2}"
EndProject
Project("{9A19103F-16F7-4668-BE54-9A1E7A4F7556}") = "FMRepository", "FMRepository\FMRepository.csproj", "{6D9E9387-D9FA-4BD9-B06A-B7FB5DEF767A}"
EndProject
Project("{9A19103F-16F7-4668-BE54-9A1E7A4F7556}") = "FMServices", "FMServices\FMServices.csproj", "{58E3F2E8-555E-4DDB-95BA-987AE7902B2C}"
EndProject
Global
	GlobalSection(SolutionConfigurationPlatforms) = preSolution
		Debug|Any CPU = Debug|Any CPU
		Release|Any CPU = Release|Any CPU
	EndGlobalSection
	GlobalSection(ProjectConfigurationPlatforms) = postSolution
		{093494B7-8002-4EE0-8891-642832476FDC}.Debug|Any CPU.ActiveCfg = Debug|Any CPU
		{093494B7-8002-4EE0-8891-642832476FDC}.Debug|Any CPU.Build.0 = Debug|Any CPU
		{093494B7-8002-4EE0-8891-642832476FDC}.Release|Any CPU.ActiveCfg = Release|Any CPU
		{093494B7-8002-4EE0-8891-642832476FDC}.Release|Any CPU.Build.0 = Release|Any CPU
		{E33D5FD6-B31B-425A-8C04-BF4FFA5CB7F2}.Debug|Any CPU.ActiveCfg = Debug|Any CPU
		{E33D5FD6-B31B-425A-8C04-BF4FFA5CB7F2}.Debug|Any CPU.Build.0 = Debug|Any CPU
		{E33D5FD6-B31B-425A-8C04-BF4FFA5CB7F2}.Release|Any CPU.ActiveCfg = Release|Any CPU
		{E33D5FD6-B31B-425A-8C04-BF4FFA5CB7F2}.Release|Any CPU.Build.0 = Release|Any CPU
		{6D9E9387-D9FA-4BD9-B06A-B7FB5DEF767A}.Debug|Any CPU.ActiveCfg = Debug|Any CPU
		{6D9E9387-D9FA-4BD9-B06A-B7FB5DEF767A}.Debug|Any CPU.Build.0 = Debug|Any CPU
		{6D9E9387-D9FA-4BD9-B06A-B7FB5DEF767A}.Release|Any CPU.ActiveCfg = Release|Any CPU
		{6D9E9387-D9FA-4BD9-B06A-B7FB5DEF767A}.Release|Any CPU.Build.0 = Release|Any CPU
		{58E3F2E8-555E-4DDB-95BA-987AE7902B2C}.Debug|Any CPU.ActiveCfg = Debug|Any CPU
		{58E3F2E8-555E-4DDB-95BA-987AE7902B2C}.Debug|Any CPU.Build.0 = Debug|Any CPU
		{58E3F2E8-555E-4DDB-95BA-987AE7902B2C}.Release|Any CPU.ActiveCfg = Release|Any CPU
		{58E3F2E8-555E-4DDB-95BA-987AE7902B2C}.Release|Any CPU.Build.0 = Release|Any CPU
	EndGlobalSection
	GlobalSection(SolutionProperties) = preSolution
		HideSolutionNode = FALSE
	EndGlobalSection
	GlobalSection(ExtensibilityGlobals) = postSolution
		SolutionGuid = {6F0190A0-0FCA-4B6C-9EEB-5F6A46C51BFD}
	EndGlobalSection
EndGlobal
